
Microsoft Visual Studio Solution File, Format Version 12.00
# Visual Studio Version 16
VisualStudioVersion = 16.0.29728.190
MinimumVisualStudioVersion = 10.0.40219.1
Project("{FAE04EC0-301F-11D3-BF4B-00C04F79EFBC}") = "RestaurantManagement", "RestaurantManagement\RestaurantManagement.csproj", "{F78758A4-77D2-49F6-9D59-D81075FED2E1}"
EndProject
Project("{FAE04EC0-301F-11D3-BF4B-00C04F79EFBC}") = "RestaurantManagement.Core", "RestaurantManagement.Core\RestaurantManagement.Core.csproj", "{9AECCC27-7D7D-4B3C-99E1-DCDDFF6D0922}"
EndProject
Project("{FAE04EC0-301F-11D3-BF4B-00C04F79EFBC}") = "RestaurantManagement.Data", "RestaurantManagement.Data\RestaurantManagement.Data.csproj", "{377B166B-E7AA-40BA-B8B3-686AE19C1A2A}"
EndProject
Global
	GlobalSection(SolutionConfigurationPlatforms) = preSolution
		Debug|Any CPU = Debug|Any CPU
		Release|Any CPU = Release|Any CPU
	EndGlobalSection
	GlobalSection(ProjectConfigurationPlatforms) = postSolution
		{F78758A4-77D2-49F6-9D59-D81075FED2E1}.Debug|Any CPU.ActiveCfg = Debug|Any CPU
		{F78758A4-77D2-49F6-9D59-D81075FED2E1}.Debug|Any CPU.Build.0 = Debug|Any CPU
		{F78758A4-77D2-49F6-9D59-D81075FED2E1}.Release|Any CPU.ActiveCfg = Release|Any CPU
		{F78758A4-77D2-49F6-9D59-D81075FED2E1}.Release|Any CPU.Build.0 = Release|Any CPU
		{9AECCC27-7D7D-4B3C-99E1-DCDDFF6D0922}.Debug|Any CPU.ActiveCfg = Debug|Any CPU
		{9AECCC27-7D7D-4B3C-99E1-DCDDFF6D0922}.Debug|Any CPU.Build.0 = Debug|Any CPU
		{9AECCC27-7D7D-4B3C-99E1-DCDDFF6D0922}.Release|Any CPU.ActiveCfg = Release|Any CPU
		{9AECCC27-7D7D-4B3C-99E1-DCDDFF6D0922}.Release|Any CPU.Build.0 = Release|Any CPU
		{377B166B-E7AA-40BA-B8B3-686AE19C1A2A}.Debug|Any CPU.ActiveCfg = Debug|Any CPU
		{377B166B-E7AA-40BA-B8B3-686AE19C1A2A}.Debug|Any CPU.Build.0 = Debug|Any CPU
		{377B166B-E7AA-40BA-B8B3-686AE19C1A2A}.Release|Any CPU.ActiveCfg = Release|Any CPU
		{377B166B-E7AA-40BA-B8B3-686AE19C1A2A}.Release|Any CPU.Build.0 = Release|Any CPU
	EndGlobalSection
	GlobalSection(SolutionProperties) = preSolution
		HideSolutionNode = FALSE
	EndGlobalSection
	GlobalSection(ExtensibilityGlobals) = postSolution
		SolutionGuid = {2DCA1E96-CBB1-484D-8CE2-F524FD985CB8}
	EndGlobalSection
EndGlobal
